
Microsoft Visual Studio Solution File, Format Version 12.00
# Visual Studio 14
VisualStudioVersion = 14.0.25123.0
MinimumVisualStudioVersion = 10.0.40219.1
Project("{2150E333-8FDC-42A3-9474-1A3956D46DE8}") = "src", "src", "{05FE72CA-02BF-441E-BFF0-B789DE873CC0}"
EndProject
Project("{2150E333-8FDC-42A3-9474-1A3956D46DE8}") = "Solution Items", "Solution Items", "{1A914936-F6A0-46D2-B245-C21E47780A66}"
	ProjectSection(SolutionItems) = preProject
		global.json = global.json
	EndProjectSection
EndProject
Project("{FAE04EC0-301F-11D3-BF4B-00C04F79EFBC}") = "FliclibDotNetClient", "src\FliclibDotNetClient\FliclibDotNetClient.csproj", "{3115FEF5-C233-42EB-A2C7-181279F60A4C}"
EndProject
Global
	GlobalSection(SolutionConfigurationPlatforms) = preSolution
		Debug|Any CPU = Debug|Any CPU
		Release|Any CPU = Release|Any CPU
	EndGlobalSection
	GlobalSection(ProjectConfigurationPlatforms) = postSolution
		{3115FEF5-C233-42EB-A2C7-181279F60A4C}.Debug|Any CPU.ActiveCfg = Debug|Any CPU
		{3115FEF5-C233-42EB-A2C7-181279F60A4C}.Debug|Any CPU.Build.0 = Debug|Any CPU
		{3115FEF5-C233-42EB-A2C7-181279F60A4C}.Release|Any CPU.ActiveCfg = Release|Any CPU
		{3115FEF5-C233-42EB-A2C7-181279F60A4C}.Release|Any CPU.Build.0 = Release|Any CPU
	EndGlobalSection
	GlobalSection(SolutionProperties) = preSolution
		HideSolutionNode = FALSE
	EndGlobalSection
	GlobalSection(NestedProjects) = preSolution
		{3115FEF5-C233-42EB-A2C7-181279F60A4C} = {05FE72CA-02BF-441E-BFF0-B789DE873CC0}
	EndGlobalSection
EndGlobal
