
Microsoft Visual Studio Solution File, Format Version 12.00
# Visual Studio 14
VisualStudioVersion = 14.0.25123.0
MinimumVisualStudioVersion = 10.0.40219.1
Project("{9A19103F-16F7-4668-BE54-9A1E7A4F7556}") = "FlicLibTest", "FlicLibTest\FlicLibTest.csproj", "{DA13DDAD-5070-4552-B7B0-1A29FD73E0CB}"
EndProject
Global
	GlobalSection(SolutionConfigurationPlatforms) = preSolution
		Debug|Any CPU = Debug|Any CPU
		Release|Any CPU = Release|Any CPU
	EndGlobalSection
	GlobalSection(ProjectConfigurationPlatforms) = postSolution
		{DA13DDAD-5070-4552-B7B0-1A29FD73E0CB}.Debug|Any CPU.ActiveCfg = Debug|Any CPU
		{DA13DDAD-5070-4552-B7B0-1A29FD73E0CB}.Debug|Any CPU.Build.0 = Debug|Any CPU
		{DA13DDAD-5070-4552-B7B0-1A29FD73E0CB}.Release|Any CPU.ActiveCfg = Release|Any CPU
		{DA13DDAD-5070-4552-B7B0-1A29FD73E0CB}.Release|Any CPU.Build.0 = Release|Any CPU
	EndGlobalSection
	GlobalSection(SolutionProperties) = preSolution
		HideSolutionNode = FALSE
	EndGlobalSection
EndGlobal
